// !$*UTF8*$!
{
	archiveVersion = 1;
	classes = {
	};
	objectVersion = 56;
	objects = {

/* Begin PBXBuildFile section */
		234BE59F2AF92CC600DE7FFC /* TopicButton.swift in Sources */ = {isa = PBXBuildFile; fileRef = 234BE59E2AF92CC600DE7FFC /* TopicButton.swift */; };
		234BE5A52AF96A0B00DE7FFC /* QuestionButton.swift in Sources */ = {isa = PBXBuildFile; fileRef = 234BE5A42AF96A0B00DE7FFC /* QuestionButton.swift */; };
		234BE5A72AF9B10A00DE7FFC /* CloseButton.swift in Sources */ = {isa = PBXBuildFile; fileRef = 234BE5A62AF9B10A00DE7FFC /* CloseButton.swift */; };
		235944F52AECFD6200FA36A9 /* AppDelegate.swift in Sources */ = {isa = PBXBuildFile; fileRef = 235944F42AECFD6200FA36A9 /* AppDelegate.swift */; };
		235944F72AECFD6200FA36A9 /* SceneDelegate.swift in Sources */ = {isa = PBXBuildFile; fileRef = 235944F62AECFD6200FA36A9 /* SceneDelegate.swift */; };
		235944F92AECFD6200FA36A9 /* LoaderViewController.swift in Sources */ = {isa = PBXBuildFile; fileRef = 235944F82AECFD6200FA36A9 /* LoaderViewController.swift */; };
		235944FC2AECFD6200FA36A9 /* Main.storyboard in Resources */ = {isa = PBXBuildFile; fileRef = 235944FA2AECFD6200FA36A9 /* Main.storyboard */; };
		235944FE2AECFD6300FA36A9 /* Assets.xcassets in Resources */ = {isa = PBXBuildFile; fileRef = 235944FD2AECFD6300FA36A9 /* Assets.xcassets */; };
		2359450C2AECFF1400FA36A9 /* Api.swift in Sources */ = {isa = PBXBuildFile; fileRef = 2359450B2AECFF1400FA36A9 /* Api.swift */; };
		235945102AED09B500FA36A9 /* LeftButton.swift in Sources */ = {isa = PBXBuildFile; fileRef = 2359450F2AED09B500FA36A9 /* LeftButton.swift */; };
		2395961A2AF3DC9400A7A5E7 /* ImagePickerManager.swift in Sources */ = {isa = PBXBuildFile; fileRef = 239596192AF3DC9400A7A5E7 /* ImagePickerManager.swift */; };
		2395961C2AF5465200A7A5E7 /* MultipartFromDataRequest.swift in Sources */ = {isa = PBXBuildFile; fileRef = 2395961B2AF5465200A7A5E7 /* MultipartFromDataRequest.swift */; };
		2395961E2AF826D100A7A5E7 /* RedButton.swift in Sources */ = {isa = PBXBuildFile; fileRef = 2395961D2AF826D100A7A5E7 /* RedButton.swift */; };
		239596202AF82C9200A7A5E7 /* RegistrationViewController.swift in Sources */ = {isa = PBXBuildFile; fileRef = 2395961F2AF82C9200A7A5E7 /* RegistrationViewController.swift */; };
		239596222AF833F600A7A5E7 /* TrainerViewController.swift in Sources */ = {isa = PBXBuildFile; fileRef = 239596212AF833F600A7A5E7 /* TrainerViewController.swift */; };
		239596262AF8417100A7A5E7 /* VariantButton.swift in Sources */ = {isa = PBXBuildFile; fileRef = 239596252AF8417100A7A5E7 /* VariantButton.swift */; };
		23E1B4CE2AEE26360098022D /* CustomSpinnerSimple.swift in Sources */ = {isa = PBXBuildFile; fileRef = 23E1B4CD2AEE26360098022D /* CustomSpinnerSimple.swift */; };
		23E1B4D02AEE290D0098022D /* LoginViewController.swift in Sources */ = {isa = PBXBuildFile; fileRef = 23E1B4CF2AEE290D0098022D /* LoginViewController.swift */; };
		23E1B4D22AEFF4010098022D /* TextField.swift in Sources */ = {isa = PBXBuildFile; fileRef = 23E1B4D12AEFF4010098022D /* TextField.swift */; };
		23E1B4D42AF0404E0098022D /* ProfileViewController.swift in Sources */ = {isa = PBXBuildFile; fileRef = 23E1B4D32AF0404E0098022D /* ProfileViewController.swift */; };
		23E1B4D92AF18EEC0098022D /* SFProText-Regular.ttf in Resources */ = {isa = PBXBuildFile; fileRef = 23E1B4D82AF18EEC0098022D /* SFProText-Regular.ttf */; };
		23E1B4E12AF190870098022D /* SFProText-Semibold.ttf in Resources */ = {isa = PBXBuildFile; fileRef = 23E1B4DA2AF190870098022D /* SFProText-Semibold.ttf */; };
		23E1B4E32AF190870098022D /* SFProText-Medium.ttf in Resources */ = {isa = PBXBuildFile; fileRef = 23E1B4DC2AF190870098022D /* SFProText-Medium.ttf */; };
		23E1B4E52AF190870098022D /* SFProDisplay-Regular.ttf in Resources */ = {isa = PBXBuildFile; fileRef = 23E1B4DE2AF190870098022D /* SFProDisplay-Regular.ttf */; };
		23E1B4E62AF190870098022D /* SFProText-Bold.ttf in Resources */ = {isa = PBXBuildFile; fileRef = 23E1B4DF2AF190870098022D /* SFProText-Bold.ttf */; };
		23E1B4E72AF190870098022D /* Inter-Regular.ttf in Resources */ = {isa = PBXBuildFile; fileRef = 23E1B4E02AF190870098022D /* Inter-Regular.ttf */; };
		23E1B4E92AF190FD0098022D /* SFProDisplay-Bold.ttf in Resources */ = {isa = PBXBuildFile; fileRef = 23E1B4E82AF190FD0098022D /* SFProDisplay-Bold.ttf */; };
		23E1B4EB2AF197FF0098022D /* EditProfileViewController.swift in Sources */ = {isa = PBXBuildFile; fileRef = 23E1B4EA2AF197FF0098022D /* EditProfileViewController.swift */; };
		23E1B4ED2AF1A0FF0098022D /* DopViewController.swift in Sources */ = {isa = PBXBuildFile; fileRef = 23E1B4EC2AF1A0FF0098022D /* DopViewController.swift */; };
		23F1CA2E2B2B416400CD7A9B /* ForgotEmailController.swift in Sources */ = {isa = PBXBuildFile; fileRef = 23F1CA2D2B2B416400CD7A9B /* ForgotEmailController.swift */; };
		23FCBFD22AED1554006EBB7A /* AnswerButton.swift in Sources */ = {isa = PBXBuildFile; fileRef = 23FCBFD12AED1554006EBB7A /* AnswerButton.swift */; };
		23FCBFD42AED1A7F006EBB7A /* LevelButton.swift in Sources */ = {isa = PBXBuildFile; fileRef = 23FCBFD32AED1A7F006EBB7A /* LevelButton.swift */; };
/* End PBXBuildFile section */

/* Begin PBXFileReference section */
		234BE59E2AF92CC600DE7FFC /* TopicButton.swift */ = {isa = PBXFileReference; lastKnownFileType = sourcecode.swift; path = TopicButton.swift; sourceTree = "<group>"; };
		234BE5A42AF96A0B00DE7FFC /* QuestionButton.swift */ = {isa = PBXFileReference; lastKnownFileType = sourcecode.swift; path = QuestionButton.swift; sourceTree = "<group>"; };
		234BE5A62AF9B10A00DE7FFC /* CloseButton.swift */ = {isa = PBXFileReference; lastKnownFileType = sourcecode.swift; path = CloseButton.swift; sourceTree = "<group>"; };
		235944F12AECFD6200FA36A9 /* Spanish Simulator.app */ = {isa = PBXFileReference; explicitFileType = wrapper.application; includeInIndex = 0; path = "Spanish Simulator.app"; sourceTree = BUILT_PRODUCTS_DIR; };
		235944F42AECFD6200FA36A9 /* AppDelegate.swift */ = {isa = PBXFileReference; lastKnownFileType = sourcecode.swift; path = AppDelegate.swift; sourceTree = "<group>"; };
		235944F62AECFD6200FA36A9 /* SceneDelegate.swift */ = {isa = PBXFileReference; lastKnownFileType = sourcecode.swift; path = SceneDelegate.swift; sourceTree = "<group>"; };
		235944F82AECFD6200FA36A9 /* LoaderViewController.swift */ = {isa = PBXFileReference; lastKnownFileType = sourcecode.swift; path = LoaderViewController.swift; sourceTree = "<group>"; };
		235944FB2AECFD6200FA36A9 /* Base */ = {isa = PBXFileReference; lastKnownFileType = file.storyboard; name = Base; path = Base.lproj/Main.storyboard; sourceTree = "<group>"; };
		235944FD2AECFD6300FA36A9 /* Assets.xcassets */ = {isa = PBXFileReference; lastKnownFileType = folder.assetcatalog; path = Assets.xcassets; sourceTree = "<group>"; };
		235945022AECFD6300FA36A9 /* Info.plist */ = {isa = PBXFileReference; lastKnownFileType = text.plist.xml; path = Info.plist; sourceTree = "<group>"; };
		2359450B2AECFF1400FA36A9 /* Api.swift */ = {isa = PBXFileReference; lastKnownFileType = sourcecode.swift; path = Api.swift; sourceTree = "<group>"; };
		2359450F2AED09B500FA36A9 /* LeftButton.swift */ = {isa = PBXFileReference; lastKnownFileType = sourcecode.swift; path = LeftButton.swift; sourceTree = "<group>"; };
		239596192AF3DC9400A7A5E7 /* ImagePickerManager.swift */ = {isa = PBXFileReference; lastKnownFileType = sourcecode.swift; path = ImagePickerManager.swift; sourceTree = "<group>"; };
		2395961B2AF5465200A7A5E7 /* MultipartFromDataRequest.swift */ = {isa = PBXFileReference; lastKnownFileType = sourcecode.swift; path = MultipartFromDataRequest.swift; sourceTree = "<group>"; };
		2395961D2AF826D100A7A5E7 /* RedButton.swift */ = {isa = PBXFileReference; lastKnownFileType = sourcecode.swift; path = RedButton.swift; sourceTree = "<group>"; };
		2395961F2AF82C9200A7A5E7 /* RegistrationViewController.swift */ = {isa = PBXFileReference; lastKnownFileType = sourcecode.swift; path = RegistrationViewController.swift; sourceTree = "<group>"; };
		239596212AF833F600A7A5E7 /* TrainerViewController.swift */ = {isa = PBXFileReference; lastKnownFileType = sourcecode.swift; path = TrainerViewController.swift; sourceTree = "<group>"; };
		239596252AF8417100A7A5E7 /* VariantButton.swift */ = {isa = PBXFileReference; lastKnownFileType = sourcecode.swift; path = VariantButton.swift; sourceTree = "<group>"; };
		23E1B4CD2AEE26360098022D /* CustomSpinnerSimple.swift */ = {isa = PBXFileReference; lastKnownFileType = sourcecode.swift; path = CustomSpinnerSimple.swift; sourceTree = "<group>"; };
		23E1B4CF2AEE290D0098022D /* LoginViewController.swift */ = {isa = PBXFileReference; lastKnownFileType = sourcecode.swift; path = LoginViewController.swift; sourceTree = "<group>"; };
		23E1B4D12AEFF4010098022D /* TextField.swift */ = {isa = PBXFileReference; lastKnownFileType = sourcecode.swift; path = TextField.swift; sourceTree = "<group>"; };
		23E1B4D32AF0404E0098022D /* ProfileViewController.swift */ = {isa = PBXFileReference; lastKnownFileType = sourcecode.swift; path = ProfileViewController.swift; sourceTree = "<group>"; };
		23E1B4D82AF18EEC0098022D /* SFProText-Regular.ttf */ = {isa = PBXFileReference; lastKnownFileType = file; path = "SFProText-Regular.ttf"; sourceTree = "<group>"; };
		23E1B4DA2AF190870098022D /* SFProText-Semibold.ttf */ = {isa = PBXFileReference; lastKnownFileType = file; path = "SFProText-Semibold.ttf"; sourceTree = "<group>"; };
		23E1B4DC2AF190870098022D /* SFProText-Medium.ttf */ = {isa = PBXFileReference; lastKnownFileType = file; path = "SFProText-Medium.ttf"; sourceTree = "<group>"; };
		23E1B4DE2AF190870098022D /* SFProDisplay-Regular.ttf */ = {isa = PBXFileReference; lastKnownFileType = file; path = "SFProDisplay-Regular.ttf"; sourceTree = "<group>"; };
		23E1B4DF2AF190870098022D /* SFProText-Bold.ttf */ = {isa = PBXFileReference; lastKnownFileType = file; path = "SFProText-Bold.ttf"; sourceTree = "<group>"; };
		23E1B4E02AF190870098022D /* Inter-Regular.ttf */ = {isa = PBXFileReference; lastKnownFileType = file; path = "Inter-Regular.ttf"; sourceTree = "<group>"; };
		23E1B4E82AF190FD0098022D /* SFProDisplay-Bold.ttf */ = {isa = PBXFileReference; lastKnownFileType = file; path = "SFProDisplay-Bold.ttf"; sourceTree = "<group>"; };
		23E1B4EA2AF197FF0098022D /* EditProfileViewController.swift */ = {isa = PBXFileReference; lastKnownFileType = sourcecode.swift; path = EditProfileViewController.swift; sourceTree = "<group>"; };
		23E1B4EC2AF1A0FF0098022D /* DopViewController.swift */ = {isa = PBXFileReference; lastKnownFileType = sourcecode.swift; path = DopViewController.swift; sourceTree = "<group>"; };
		23F1CA2D2B2B416400CD7A9B /* ForgotEmailController.swift */ = {isa = PBXFileReference; lastKnownFileType = sourcecode.swift; path = ForgotEmailController.swift; sourceTree = "<group>"; };
		23FCBFD12AED1554006EBB7A /* AnswerButton.swift */ = {isa = PBXFileReference; lastKnownFileType = sourcecode.swift; path = AnswerButton.swift; sourceTree = "<group>"; };
		23FCBFD32AED1A7F006EBB7A /* LevelButton.swift */ = {isa = PBXFileReference; lastKnownFileType = sourcecode.swift; path = LevelButton.swift; sourceTree = "<group>"; };
/* End PBXFileReference section */

/* Begin PBXFrameworksBuildPhase section */
		235944EE2AECFD6200FA36A9 /* Frameworks */ = {
			isa = PBXFrameworksBuildPhase;
			buildActionMask = 2147483647;
			files = (
			);
			runOnlyForDeploymentPostprocessing = 0;
		};
/* End PBXFrameworksBuildPhase section */

/* Begin PBXGroup section */
		235944E82AECFD6200FA36A9 = {
			isa = PBXGroup;
			children = (
				235944F32AECFD6200FA36A9 /* Spanish Simulator */,
				235944F22AECFD6200FA36A9 /* Products */,
			);
			sourceTree = "<group>";
		};
		235944F22AECFD6200FA36A9 /* Products */ = {
			isa = PBXGroup;
			children = (
				235944F12AECFD6200FA36A9 /* Spanish Simulator.app */,
			);
			name = Products;
			sourceTree = "<group>";
		};
		235944F32AECFD6200FA36A9 /* Spanish Simulator */ = {
			isa = PBXGroup;
			children = (
				2359450E2AECFF5500FA36A9 /* Entity */,
				2359450D2AECFF1B00FA36A9 /* Resources */,
				2359450A2AECFED500FA36A9 /* Services */,
				235945092AECFECC00FA36A9 /* Controllers */,
				235945082AECFEC300FA36A9 /* Components */,
				235944F42AECFD6200FA36A9 /* AppDelegate.swift */,
				235944F62AECFD6200FA36A9 /* SceneDelegate.swift */,
				235944FA2AECFD6200FA36A9 /* Main.storyboard */,
				235944FD2AECFD6300FA36A9 /* Assets.xcassets */,
				235945022AECFD6300FA36A9 /* Info.plist */,
			);
			path = "Spanish Simulator";
			sourceTree = "<group>";
		};
		235945082AECFEC300FA36A9 /* Components */ = {
			isa = PBXGroup;
			children = (
				23E1B4D52AF18E1D0098022D /* Fronts */,
				23FCBFD32AED1A7F006EBB7A /* LevelButton.swift */,
				23FCBFD12AED1554006EBB7A /* AnswerButton.swift */,
				2359450F2AED09B500FA36A9 /* LeftButton.swift */,
				234BE59E2AF92CC600DE7FFC /* TopicButton.swift */,
				234BE5A62AF9B10A00DE7FFC /* CloseButton.swift */,
				234BE5A42AF96A0B00DE7FFC /* QuestionButton.swift */,
				2395961D2AF826D100A7A5E7 /* RedButton.swift */,
				239596252AF8417100A7A5E7 /* VariantButton.swift */,
				23E1B4CD2AEE26360098022D /* CustomSpinnerSimple.swift */,
				23E1B4D12AEFF4010098022D /* TextField.swift */,
			);
			path = Components;
			sourceTree = "<group>";
		};
		235945092AECFECC00FA36A9 /* Controllers */ = {
			isa = PBXGroup;
			children = (
				23E1B4CF2AEE290D0098022D /* LoginViewController.swift */,
				23E1B4EA2AF197FF0098022D /* EditProfileViewController.swift */,
				23F1CA2D2B2B416400CD7A9B /* ForgotEmailController.swift */,
				2395961F2AF82C9200A7A5E7 /* RegistrationViewController.swift */,
				23E1B4EC2AF1A0FF0098022D /* DopViewController.swift */,
				235944F82AECFD6200FA36A9 /* LoaderViewController.swift */,
				239596212AF833F600A7A5E7 /* TrainerViewController.swift */,
				23E1B4D32AF0404E0098022D /* ProfileViewController.swift */,
			);
			path = Controllers;
			sourceTree = "<group>";
		};
		2359450A2AECFED500FA36A9 /* Services */ = {
			isa = PBXGroup;
			children = (
				2359450B2AECFF1400FA36A9 /* Api.swift */,
				239596192AF3DC9400A7A5E7 /* ImagePickerManager.swift */,
				2395961B2AF5465200A7A5E7 /* MultipartFromDataRequest.swift */,
			);
			path = Services;
			sourceTree = "<group>";
		};
		2359450D2AECFF1B00FA36A9 /* Resources */ = {
			isa = PBXGroup;
			children = (
			);
			path = Resources;
			sourceTree = "<group>";
		};
		2359450E2AECFF5500FA36A9 /* Entity */ = {
			isa = PBXGroup;
			children = (
			);
			path = Entity;
			sourceTree = "<group>";
		};
		23E1B4D52AF18E1D0098022D /* Fronts */ = {
			isa = PBXGroup;
			children = (
				23E1B4E02AF190870098022D /* Inter-Regular.ttf */,
				23E1B4DE2AF190870098022D /* SFProDisplay-Regular.ttf */,
				23E1B4DF2AF190870098022D /* SFProText-Bold.ttf */,
				23E1B4E82AF190FD0098022D /* SFProDisplay-Bold.ttf */,
				23E1B4DC2AF190870098022D /* SFProText-Medium.ttf */,
				23E1B4DA2AF190870098022D /* SFProText-Semibold.ttf */,
				23E1B4D82AF18EEC0098022D /* SFProText-Regular.ttf */,
			);
			path = Fronts;
			sourceTree = "<group>";
		};
/* End PBXGroup section */

/* Begin PBXNativeTarget section */
		235944F02AECFD6200FA36A9 /* Spanish Simulator */ = {
			isa = PBXNativeTarget;
			buildConfigurationList = 235945052AECFD6300FA36A9 /* Build configuration list for PBXNativeTarget "Spanish Simulator" */;
			buildPhases = (
				235944ED2AECFD6200FA36A9 /* Sources */,
				235944EE2AECFD6200FA36A9 /* Frameworks */,
				235944EF2AECFD6200FA36A9 /* Resources */,
			);
			buildRules = (
			);
			dependencies = (
			);
			name = "Spanish Simulator";
			productName = "Spanish Simulator";
			productReference = 235944F12AECFD6200FA36A9 /* Spanish Simulator.app */;
			productType = "com.apple.product-type.application";
		};
/* End PBXNativeTarget section */

/* Begin PBXProject section */
		235944E92AECFD6200FA36A9 /* Project object */ = {
			isa = PBXProject;
			attributes = {
				BuildIndependentTargetsInParallel = 1;
				LastSwiftUpdateCheck = 1500;
				LastUpgradeCheck = 1500;
				TargetAttributes = {
					235944F02AECFD6200FA36A9 = {
						CreatedOnToolsVersion = 15.0.1;
					};
				};
			};
			buildConfigurationList = 235944EC2AECFD6200FA36A9 /* Build configuration list for PBXProject "Spanish Simulator" */;
			compatibilityVersion = "Xcode 14.0";
			developmentRegion = en;
			hasScannedForEncodings = 0;
			knownRegions = (
				en,
				Base,
			);
			mainGroup = 235944E82AECFD6200FA36A9;
			productRefGroup = 235944F22AECFD6200FA36A9 /* Products */;
			projectDirPath = "";
			projectRoot = "";
			targets = (
				235944F02AECFD6200FA36A9 /* Spanish Simulator */,
			);
		};
/* End PBXProject section */

/* Begin PBXResourcesBuildPhase section */
		235944EF2AECFD6200FA36A9 /* Resources */ = {
			isa = PBXResourcesBuildPhase;
			buildActionMask = 2147483647;
			files = (
				23E1B4E52AF190870098022D /* SFProDisplay-Regular.ttf in Resources */,
				23E1B4E32AF190870098022D /* SFProText-Medium.ttf in Resources */,
				235944FE2AECFD6300FA36A9 /* Assets.xcassets in Resources */,
				235944FC2AECFD6200FA36A9 /* Main.storyboard in Resources */,
				23E1B4E12AF190870098022D /* SFProText-Semibold.ttf in Resources */,
				23E1B4E62AF190870098022D /* SFProText-Bold.ttf in Resources */,
				23E1B4E72AF190870098022D /* Inter-Regular.ttf in Resources */,
				23E1B4E92AF190FD0098022D /* SFProDisplay-Bold.ttf in Resources */,
				23E1B4D92AF18EEC0098022D /* SFProText-Regular.ttf in Resources */,
			);
			runOnlyForDeploymentPostprocessing = 0;
		};
/* End PBXResourcesBuildPhase section */

/* Begin PBXSourcesBuildPhase section */
		235944ED2AECFD6200FA36A9 /* Sources */ = {
			isa = PBXSourcesBuildPhase;
			buildActionMask = 2147483647;
			files = (
				23F1CA2E2B2B416400CD7A9B /* ForgotEmailController.swift in Sources */,
				235944F92AECFD6200FA36A9 /* LoaderViewController.swift in Sources */,
				2395961E2AF826D100A7A5E7 /* RedButton.swift in Sources */,
				239596202AF82C9200A7A5E7 /* RegistrationViewController.swift in Sources */,
				235944F52AECFD6200FA36A9 /* AppDelegate.swift in Sources */,
				2359450C2AECFF1400FA36A9 /* Api.swift in Sources */,
				23E1B4D22AEFF4010098022D /* TextField.swift in Sources */,
				23E1B4EB2AF197FF0098022D /* EditProfileViewController.swift in Sources */,
				23E1B4ED2AF1A0FF0098022D /* DopViewController.swift in Sources */,
				23E1B4CE2AEE26360098022D /* CustomSpinnerSimple.swift in Sources */,
				239596262AF8417100A7A5E7 /* VariantButton.swift in Sources */,
				23FCBFD42AED1A7F006EBB7A /* LevelButton.swift in Sources */,
				23FCBFD22AED1554006EBB7A /* AnswerButton.swift in Sources */,
				234BE5A72AF9B10A00DE7FFC /* CloseButton.swift in Sources */,
				23E1B4D02AEE290D0098022D /* LoginViewController.swift in Sources */,
				2395961C2AF5465200A7A5E7 /* MultipartFromDataRequest.swift in Sources */,
				23E1B4D42AF0404E0098022D /* ProfileViewController.swift in Sources */,
				235945102AED09B500FA36A9 /* LeftButton.swift in Sources */,
				235944F72AECFD6200FA36A9 /* SceneDelegate.swift in Sources */,
				234BE59F2AF92CC600DE7FFC /* TopicButton.swift in Sources */,
				239596222AF833F600A7A5E7 /* TrainerViewController.swift in Sources */,
				2395961A2AF3DC9400A7A5E7 /* ImagePickerManager.swift in Sources */,
				234BE5A52AF96A0B00DE7FFC /* QuestionButton.swift in Sources */,
			);
			runOnlyForDeploymentPostprocessing = 0;
		};
/* End PBXSourcesBuildPhase section */

/* Begin PBXVariantGroup section */
		235944FA2AECFD6200FA36A9 /* Main.storyboard */ = {
			isa = PBXVariantGroup;
			children = (
				235944FB2AECFD6200FA36A9 /* Base */,
			);
			name = Main.storyboard;
			sourceTree = "<group>";
		};
/* End PBXVariantGroup section */

/* Begin XCBuildConfiguration section */
		235945032AECFD6300FA36A9 /* Debug */ = {
			isa = XCBuildConfiguration;
			buildSettings = {
				ALWAYS_SEARCH_USER_PATHS = NO;
				ASSETCATALOG_COMPILER_GENERATE_SWIFT_ASSET_SYMBOL_EXTENSIONS = YES;
				ASSETCATALOG_COMPILER_INCLUDE_ALL_APPICON_ASSETS = NO;
				CLANG_ANALYZER_NONNULL = YES;
				CLANG_ANALYZER_NUMBER_OBJECT_CONVERSION = YES_AGGRESSIVE;
				CLANG_CXX_LANGUAGE_STANDARD = "gnu++20";
				CLANG_ENABLE_MODULES = YES;
				CLANG_ENABLE_OBJC_ARC = YES;
				CLANG_ENABLE_OBJC_WEAK = YES;
				CLANG_WARN_BLOCK_CAPTURE_AUTORELEASING = YES;
				CLANG_WARN_BOOL_CONVERSION = YES;
				CLANG_WARN_COMMA = YES;
				CLANG_WARN_CONSTANT_CONVERSION = YES;
				CLANG_WARN_DEPRECATED_OBJC_IMPLEMENTATIONS = YES;
				CLANG_WARN_DIRECT_OBJC_ISA_USAGE = YES_ERROR;
				CLANG_WARN_DOCUMENTATION_COMMENTS = YES;
				CLANG_WARN_EMPTY_BODY = YES;
				CLANG_WARN_ENUM_CONVERSION = YES;
				CLANG_WARN_INFINITE_RECURSION = YES;
				CLANG_WARN_INT_CONVERSION = YES;
				CLANG_WARN_NON_LITERAL_NULL_CONVERSION = YES;
				CLANG_WARN_OBJC_IMPLICIT_RETAIN_SELF = YES;
				CLANG_WARN_OBJC_LITERAL_CONVERSION = YES;
				CLANG_WARN_OBJC_ROOT_CLASS = YES_ERROR;
				CLANG_WARN_QUOTED_INCLUDE_IN_FRAMEWORK_HEADER = YES;
				CLANG_WARN_RANGE_LOOP_ANALYSIS = YES;
				CLANG_WARN_STRICT_PROTOTYPES = YES;
				CLANG_WARN_SUSPICIOUS_MOVE = YES;
				CLANG_WARN_UNGUARDED_AVAILABILITY = YES_AGGRESSIVE;
				CLANG_WARN_UNREACHABLE_CODE = YES;
				CLANG_WARN__DUPLICATE_METHOD_MATCH = YES;
				COPY_PHASE_STRIP = NO;
				DEBUG_INFORMATION_FORMAT = dwarf;
				ENABLE_STRICT_OBJC_MSGSEND = YES;
				ENABLE_TESTABILITY = YES;
				ENABLE_USER_SCRIPT_SANDBOXING = YES;
				GCC_C_LANGUAGE_STANDARD = gnu17;
				GCC_DYNAMIC_NO_PIC = NO;
				GCC_NO_COMMON_BLOCKS = YES;
				GCC_OPTIMIZATION_LEVEL = 0;
				GCC_PREPROCESSOR_DEFINITIONS = (
					"DEBUG=1",
					"$(inherited)",
				);
				GCC_WARN_64_TO_32_BIT_CONVERSION = YES;
				GCC_WARN_ABOUT_RETURN_TYPE = YES_ERROR;
				GCC_WARN_UNDECLARED_SELECTOR = YES;
				GCC_WARN_UNINITIALIZED_AUTOS = YES_AGGRESSIVE;
				GCC_WARN_UNUSED_FUNCTION = YES;
				GCC_WARN_UNUSED_VARIABLE = YES;
				IPHONEOS_DEPLOYMENT_TARGET = 15.0;
				LOCALIZATION_PREFERS_STRING_CATALOGS = YES;
				MTL_ENABLE_DEBUG_INFO = INCLUDE_SOURCE;
				MTL_FAST_MATH = YES;
				ONLY_ACTIVE_ARCH = YES;
				SDKROOT = iphoneos;
				SWIFT_ACTIVE_COMPILATION_CONDITIONS = "DEBUG $(inherited)";
				SWIFT_OPTIMIZATION_LEVEL = "-Onone";
			};
			name = Debug;
		};
		235945042AECFD6300FA36A9 /* Release */ = {
			isa = XCBuildConfiguration;
			buildSettings = {
				ALWAYS_SEARCH_USER_PATHS = NO;
				ASSETCATALOG_COMPILER_GENERATE_SWIFT_ASSET_SYMBOL_EXTENSIONS = YES;
				ASSETCATALOG_COMPILER_INCLUDE_ALL_APPICON_ASSETS = NO;
				CLANG_ANALYZER_NONNULL = YES;
				CLANG_ANALYZER_NUMBER_OBJECT_CONVERSION = YES_AGGRESSIVE;
				CLANG_CXX_LANGUAGE_STANDARD = "gnu++20";
				CLANG_ENABLE_MODULES = YES;
				CLANG_ENABLE_OBJC_ARC = YES;
				CLANG_ENABLE_OBJC_WEAK = YES;
				CLANG_WARN_BLOCK_CAPTURE_AUTORELEASING = YES;
				CLANG_WARN_BOOL_CONVERSION = YES;
				CLANG_WARN_COMMA = YES;
				CLANG_WARN_CONSTANT_CONVERSION = YES;
				CLANG_WARN_DEPRECATED_OBJC_IMPLEMENTATIONS = YES;
				CLANG_WARN_DIRECT_OBJC_ISA_USAGE = YES_ERROR;
				CLANG_WARN_DOCUMENTATION_COMMENTS = YES;
				CLANG_WARN_EMPTY_BODY = YES;
				CLANG_WARN_ENUM_CONVERSION = YES;
				CLANG_WARN_INFINITE_RECURSION = YES;
				CLANG_WARN_INT_CONVERSION = YES;
				CLANG_WARN_NON_LITERAL_NULL_CONVERSION = YES;
				CLANG_WARN_OBJC_IMPLICIT_RETAIN_SELF = YES;
				CLANG_WARN_OBJC_LITERAL_CONVERSION = YES;
				CLANG_WARN_OBJC_ROOT_CLASS = YES_ERROR;
				CLANG_WARN_QUOTED_INCLUDE_IN_FRAMEWORK_HEADER = YES;
				CLANG_WARN_RANGE_LOOP_ANALYSIS = YES;
				CLANG_WARN_STRICT_PROTOTYPES = YES;
				CLANG_WARN_SUSPICIOUS_MOVE = YES;
				CLANG_WARN_UNGUARDED_AVAILABILITY = YES_AGGRESSIVE;
				CLANG_WARN_UNREACHABLE_CODE = YES;
				CLANG_WARN__DUPLICATE_METHOD_MATCH = YES;
				COPY_PHASE_STRIP = NO;
				DEBUG_INFORMATION_FORMAT = "dwarf-with-dsym";
				ENABLE_NS_ASSERTIONS = NO;
				ENABLE_STRICT_OBJC_MSGSEND = YES;
				ENABLE_USER_SCRIPT_SANDBOXING = YES;
				GCC_C_LANGUAGE_STANDARD = gnu17;
				GCC_NO_COMMON_BLOCKS = YES;
				GCC_WARN_64_TO_32_BIT_CONVERSION = YES;
				GCC_WARN_ABOUT_RETURN_TYPE = YES_ERROR;
				GCC_WARN_UNDECLARED_SELECTOR = YES;
				GCC_WARN_UNINITIALIZED_AUTOS = YES_AGGRESSIVE;
				GCC_WARN_UNUSED_FUNCTION = YES;
				GCC_WARN_UNUSED_VARIABLE = YES;
				IPHONEOS_DEPLOYMENT_TARGET = 15.0;
				LOCALIZATION_PREFERS_STRING_CATALOGS = YES;
				MTL_ENABLE_DEBUG_INFO = NO;
				MTL_FAST_MATH = YES;
				ONLY_ACTIVE_ARCH = YES;
				SDKROOT = iphoneos;
				SWIFT_COMPILATION_MODE = wholemodule;
				VALIDATE_PRODUCT = YES;
			};
			name = Release;
		};
		235945062AECFD6300FA36A9 /* Debug */ = {
			isa = XCBuildConfiguration;
			buildSettings = {
				ASSETCATALOG_COMPILER_APPICON_NAME = AppIcon;
				ASSETCATALOG_COMPILER_GLOBAL_ACCENT_COLOR_NAME = AccentColor;
				CODE_SIGN_STYLE = Automatic;
				CURRENT_PROJECT_VERSION = 1;
				DEVELOPMENT_TEAM = Y3WADWFL63;
				GENERATE_INFOPLIST_FILE = YES;
				INFOPLIST_FILE = "Spanish Simulator/Info.plist";
				INFOPLIST_KEY_LSApplicationCategoryType = "public.app-category.educational-games";
				INFOPLIST_KEY_UIApplicationSupportsIndirectInputEvents = YES;
				INFOPLIST_KEY_UILaunchStoryboardName = LaunchScreen.storyboard;
				INFOPLIST_KEY_UIMainStoryboardFile = Main;
				INFOPLIST_KEY_UIRequiresFullScreen = YES;
				INFOPLIST_KEY_UIStatusBarHidden = NO;
				INFOPLIST_KEY_UIStatusBarStyle = UIStatusBarStyleLightContent;
				IPHONEOS_DEPLOYMENT_TARGET = 15.0;
				LD_RUNPATH_SEARCH_PATHS = (
					"$(inherited)",
					"@executable_path/Frameworks",
				);
				MARKETING_VERSION = 1.0;
				PRODUCT_BUNDLE_IDENTIFIER = "com.spanish.Spanish-Simulator";
				PRODUCT_NAME = "$(TARGET_NAME)";
				SWIFT_EMIT_LOC_STRINGS = YES;
				SWIFT_VERSION = 5.0;
				TARGETED_DEVICE_FAMILY = "1,2";
			};
			name = Debug;
		};
		235945072AECFD6300FA36A9 /* Release */ = {
			isa = XCBuildConfiguration;
			buildSettings = {
				ASSETCATALOG_COMPILER_APPICON_NAME = AppIcon;
				ASSETCATALOG_COMPILER_GLOBAL_ACCENT_COLOR_NAME = AccentColor;
				CODE_SIGN_STYLE = Automatic;
				CURRENT_PROJECT_VERSION = 1;
				DEVELOPMENT_TEAM = Y3WADWFL63;
				GENERATE_INFOPLIST_FILE = YES;
				INFOPLIST_FILE = "Spanish Simulator/Info.plist";
				INFOPLIST_KEY_LSApplicationCategoryType = "public.app-category.educational-games";
				INFOPLIST_KEY_UIApplicationSupportsIndirectInputEvents = YES;
				INFOPLIST_KEY_UILaunchStoryboardName = LaunchScreen.storyboard;
				INFOPLIST_KEY_UIMainStoryboardFile = Main;
				INFOPLIST_KEY_UIRequiresFullScreen = YES;
				INFOPLIST_KEY_UIStatusBarHidden = NO;
				INFOPLIST_KEY_UIStatusBarStyle = UIStatusBarStyleLightContent;
				INFOPLIST_KEY_UISupportedInterfaceOrientations = "";
				IPHONEOS_DEPLOYMENT_TARGET = 15.0;
				LD_RUNPATH_SEARCH_PATHS = (
					"$(inherited)",
					"@executable_path/Frameworks",
				);
				MARKETING_VERSION = 1.0;
				PRODUCT_BUNDLE_IDENTIFIER = "com.spanish.Spanish-Simulator";
				PRODUCT_NAME = "$(TARGET_NAME)";
				SWIFT_EMIT_LOC_STRINGS = YES;
				SWIFT_VERSION = 5.0;
				TARGETED_DEVICE_FAMILY = "1,2";
			};
			name = Release;
		};
/* End XCBuildConfiguration section */

/* Begin XCConfigurationList section */
		235944EC2AECFD6200FA36A9 /* Build configuration list for PBXProject "Spanish Simulator" */ = {
			isa = XCConfigurationList;
			buildConfigurations = (
				235945032AECFD6300FA36A9 /* Debug */,
				235945042AECFD6300FA36A9 /* Release */,
			);
			defaultConfigurationIsVisible = 0;
			defaultConfigurationName = Release;
		};
		235945052AECFD6300FA36A9 /* Build configuration list for PBXNativeTarget "Spanish Simulator" */ = {
			isa = XCConfigurationList;
			buildConfigurations = (
				235945062AECFD6300FA36A9 /* Debug */,
				235945072AECFD6300FA36A9 /* Release */,
			);
			defaultConfigurationIsVisible = 0;
			defaultConfigurationName = Release;
		};
/* End XCConfigurationList section */
	};
	rootObject = 235944E92AECFD6200FA36A9 /* Project object */;
}
